
Microsoft Visual Studio Solution File, Format Version 12.00
# Visual Studio Version 16
VisualStudioVersion = 16.0.30907.101
MinimumVisualStudioVersion = 10.0.40219.1
Project("{FAE04EC0-301F-11D3-BF4B-00C04F79EFBC}") = "WindowsProject", "WindowsProject\WindowsProject.csproj", "{6F414900-919F-47B0-92E2-EF5769AC142E}"
EndProject
Global
	GlobalSection(SolutionConfigurationPlatforms) = preSolution
		Debug|Any CPU = Debug|Any CPU
		Release|Any CPU = Release|Any CPU
	EndGlobalSection
	GlobalSection(ProjectConfigurationPlatforms) = postSolution
		{6F414900-919F-47B0-92E2-EF5769AC142E}.Debug|Any CPU.ActiveCfg = Debug|Any CPU
		{6F414900-919F-47B0-92E2-EF5769AC142E}.Debug|Any CPU.Build.0 = Debug|Any CPU
		{6F414900-919F-47B0-92E2-EF5769AC142E}.Release|Any CPU.ActiveCfg = Release|Any CPU
		{6F414900-919F-47B0-92E2-EF5769AC142E}.Release|Any CPU.Build.0 = Release|Any CPU
	EndGlobalSection
	GlobalSection(SolutionProperties) = preSolution
		HideSolutionNode = FALSE
	EndGlobalSection
	GlobalSection(ExtensibilityGlobals) = postSolution
		SolutionGuid = {E63158C1-FF01-4471-9FB4-7129FE7EFA95}
	EndGlobalSection
EndGlobal
